// !$*UTF8*$!
{
	archiveVersion = 1;
	classes = {
	};
	objectVersion = 56;
	objects = {

/* Begin PBXBuildFile section */
		332959D38F864DA8941E3B61 /* AppDelegate.swift in Sources */ = {isa = PBXBuildFile; fileRef = 332959D38F864DA8941E3B60; settings = {}; };
		BD21E81081D54EE88ECF7A60 /* WMSInputRunnerUITests.swift in Sources */ = {isa = PBXBuildFile; fileRef = BD21E81081D54EE88ECF7A61; settings = {}; };
		FBD5E7A97FE6468BB30551EC /* XCTest.framework in Frameworks */ = {isa = PBXBuildFile; fileRef = FBD5E7A97FE6468BB30551ED; settings = {}; };
/* End PBXBuildFile section */

/* Begin PBXFileReference section */
		332959D38F864DA8941E3B60 /* AppDelegate.swift */ = {isa = PBXFileReference; lastKnownFileType = sourcecode.swift; path = AppDelegate.swift; sourceTree = "<group>"; };
		087954BF11CA4D8F8629E70A /* Info.plist */ = {isa = PBXFileReference; lastKnownFileType = text.plist.xml; path = Info.plist; sourceTree = "<group>"; };
		BD21E81081D54EE88ECF7A61 /* WMSInputRunnerUITests.swift */ = {isa = PBXFileReference; lastKnownFileType = sourcecode.swift; path = WMSInputRunnerUITests.swift; sourceTree = "<group>"; };
		81C40D3878A54A6DAEBB1843 /* Info.plist */ = {isa = PBXFileReference; lastKnownFileType = text.plist.xml; path = Info.plist; sourceTree = "<group>"; };
		C7BB26EF590547D899D35C85 /* WMSInputRunner.app */ = {isa = PBXFileReference; explicitFileType = wrapper.application; includeInIndex = 0; path = WMSInputRunner.app; sourceTree = BUILT_PRODUCTS_DIR; };
		1AAEB85E63234CD5826159BB /* WMSInputRunnerUITests.xctest */ = {isa = PBXFileReference; explicitFileType = wrapper.cfbundle; includeInIndex = 0; path = WMSInputRunnerUITests.xctest; sourceTree = BUILT_PRODUCTS_DIR; };
		FBD5E7A97FE6468BB30551ED /* XCTest.framework */ = {isa = PBXFileReference; lastKnownFileType = wrapper.framework; name = XCTest.framework; path = Library/Frameworks/XCTest.framework; sourceTree = DEVELOPER_DIR; };
/* End PBXFileReference section */

/* Begin PBXFrameworksBuildPhase section */
		4D8F57F73A4848A5A21AF94D /* Frameworks */ = {
			isa = PBXFrameworksBuildPhase;
			buildActionMask = 2147483647;
			files = (
			);
			runOnlyForDeploymentPostprocessing = 0;
		};
		0406F7849682411887829C67 /* Frameworks */ = {
			isa = PBXFrameworksBuildPhase;
			buildActionMask = 2147483647;
			files = (
				FBD5E7A97FE6468BB30551EC /* XCTest.framework in Frameworks */,
			);
			runOnlyForDeploymentPostprocessing = 0;
		};
/* End PBXFrameworksBuildPhase section */

/* Begin PBXGroup section */
		C30C6E17780347EEA81BF234 /* Main */ = {
			isa = PBXGroup;
			children = (
				C8843548940B4E6DBA1DD14B /* WMSInputRunner */,
				3A6120D6262745B0A7DAE2B6 /* WMSInputRunnerUITests */,
				D1259CA6311D4E83B84F65A4 /* Products */,
				FBD5E7A97FE6468BB30551ED /* XCTest.framework */,
			);
			sourceTree = "<group>";
		};
		D1259CA6311D4E83B84F65A4 /* Products */ = {
			isa = PBXGroup;
			children = (
				C7BB26EF590547D899D35C85 /* WMSInputRunner.app */,
				1AAEB85E63234CD5826159BB /* WMSInputRunnerUITests.xctest */,
			);
			name = Products;
			sourceTree = "<group>";
		};
		C8843548940B4E6DBA1DD14B /* WMSInputRunner */ = {
			isa = PBXGroup;
			children = (
				332959D38F864DA8941E3B60 /* AppDelegate.swift */,
				087954BF11CA4D8F8629E70A /* Info.plist */,
			);
			path = WMSInputRunner;
			sourceTree = "<group>";
		};
		3A6120D6262745B0A7DAE2B6 /* WMSInputRunnerUITests */ = {
			isa = PBXGroup;
			children = (
				BD21E81081D54EE88ECF7A61 /* WMSInputRunnerUITests.swift */,
				81C40D3878A54A6DAEBB1843 /* Info.plist */,
			);
			path = WMSInputRunnerUITests;
			sourceTree = "<group>";
		};
/* End PBXGroup section */

/* Begin PBXNativeTarget section */
		282B96C9DA6A4967933D0D76 /* WMSInputRunner */ = {
			isa = PBXNativeTarget;
			buildConfigurationList = A34B3CAC36AA4A7B8CF463A9 /* Build configuration list for PBXNativeTarget "WMSInputRunner" */;
			buildPhases = (
				A4EC1797FEAC4D7B998E0476 /* Sources */,
				4D8F57F73A4848A5A21AF94D /* Frameworks */,
				B4102B604BC64F10BDE8FA59 /* Resources */,
			);
			buildRules = (
			);
			dependencies = (
			);
			name = WMSInputRunner;
			productName = WMSInputRunner;
			productReference = C7BB26EF590547D899D35C85 /* WMSInputRunner.app */;
			productType = "com.apple.product-type.application";
		};
		7280C74B444447838684E34E /* WMSInputRunnerUITests */ = {
			isa = PBXNativeTarget;
			buildConfigurationList = 5F8D2B9309B9404F9DD97FE9 /* Build configuration list for PBXNativeTarget "WMSInputRunnerUITests" */;
			buildPhases = (
				02EFFC478A2741DB85274218 /* Sources */,
				0406F7849682411887829C67 /* Frameworks */,
			);
			buildRules = (
			);
			dependencies = (
				FA7AA71EA7814A10B3F778B0 /* PBXTargetDependency */,
			);
			name = WMSInputRunnerUITests;
			productName = WMSInputRunnerUITests;
			productReference = 1AAEB85E63234CD5826159BB /* WMSInputRunnerUITests.xctest */;
			productType = "com.apple.product-type.bundle.ui-testing";
		};
/* End PBXNativeTarget section */

/* Begin PBXProject section */
		FAE06F63691549E4BA176E2C /* Project object */ = {
			isa = PBXProject;
			attributes = {
				BuildIndependentTargetsInParallel = 1;
				LastSwiftUpdateCheck = 1540;
				LastUpgradeCheck = 1540;
				TargetAttributes = {
					282B96C9DA6A4967933D0D76 = {
						CreatedOnToolsVersion = 15.4;
					};
					7280C74B444447838684E34E = {
						CreatedOnToolsVersion = 15.4;
						TestTargetID = 282B96C9DA6A4967933D0D76;
					};
				};
			};
			buildConfigurationList = CF744E5820F447AB86A880B2 /* Build configuration list for PBXProject "WMSInputRunner" */;
			compatibilityVersion = "Xcode 14.0";
			developmentRegion = en;
			hasScannedForEncodings = 0;
			knownRegions = (
				en,
				Base,
			);
			mainGroup = C30C6E17780347EEA81BF234;
			productRefGroup = D1259CA6311D4E83B84F65A4 /* Products */;
			projectDirPath = "";
			projectRoot = "";
			targets = (
				282B96C9DA6A4967933D0D76 /* WMSInputRunner */,
				7280C74B444447838684E34E /* WMSInputRunnerUITests */,
			);
		};
/* End PBXProject section */

/* Begin PBXResourcesBuildPhase section */
		B4102B604BC64F10BDE8FA59 /* Resources */ = {
			isa = PBXResourcesBuildPhase;
			buildActionMask = 2147483647;
			files = (
			);
			runOnlyForDeploymentPostprocessing = 0;
		};
/* End PBXResourcesBuildPhase section */

/* Begin PBXSourcesBuildPhase section */
		A4EC1797FEAC4D7B998E0476 /* Sources */ = {
			isa = PBXSourcesBuildPhase;
			buildActionMask = 2147483647;
			files = (
				332959D38F864DA8941E3B61 /* AppDelegate.swift in Sources */,
			);
			runOnlyForDeploymentPostprocessing = 0;
		};
		02EFFC478A2741DB85274218 /* Sources */ = {
			isa = PBXSourcesBuildPhase;
			buildActionMask = 2147483647;
			files = (
				BD21E81081D54EE88ECF7A60 /* WMSInputRunnerUITests.swift in Sources */,
			);
			runOnlyForDeploymentPostprocessing = 0;
		};
/* End PBXSourcesBuildPhase section */

/* Begin PBXTargetDependency section */
		FA7AA71EA7814A10B3F778B0 /* PBXTargetDependency */ = {
			isa = PBXTargetDependency;
			target = 282B96C9DA6A4967933D0D76 /* WMSInputRunner */;
			targetProxy = 9306C0220FC74C1093B241F0 /* PBXContainerItemProxy */;
		};
/* End PBXTargetDependency section */

/* Begin PBXContainerItemProxy section */
		9306C0220FC74C1093B241F0 /* PBXContainerItemProxy */ = {
			isa = PBXContainerItemProxy;
			containerPortal = FAE06F63691549E4BA176E2C /* Project object */;
			proxyType = 1;
			remoteGlobalIDString = 282B96C9DA6A4967933D0D76;
			remoteInfo = WMSInputRunner;
		};
/* End PBXContainerItemProxy section */

/* Begin XCBuildConfiguration section */
		C00EB8AAC17B4F8186823F37 /* Debug */ = {
			isa = XCBuildConfiguration;
			buildSettings = {
				ALWAYS_SEARCH_USER_PATHS = NO;
				ASSETCATALOG_COMPILER_GENERATE_SWIFT_ASSET_SYMBOL_EXTENSIONS = YES;
				CLANG_ANALYZER_NONNULL = YES;
				CLANG_ANALYZER_NUMBER_OBJECT_CONVERSION = YES_AGGRESSIVE;
				CLANG_CXX_LANGUAGE_STANDARD = "gnu++20";
				CLANG_ENABLE_MODULES = YES;
				CLANG_ENABLE_OBJC_ARC = YES;
				CLANG_ENABLE_OBJC_WEAK = YES;
				CLANG_WARN_BLOCK_CAPTURE_AUTORELEASING = YES;
				CLANG_WARN_BOOL_CONVERSION = YES;
				CLANG_WARN_COMMA = YES;
				CLANG_WARN_CONSTANT_CONVERSION = YES;
				CLANG_WARN_DEPRECATED_OBJC_IMPLEMENTATIONS = YES;
				CLANG_WARN_DIRECT_OBJC_ISA_USAGE = YES_ERROR;
				CLANG_WARN_DOCUMENTATION_COMMENTS = YES;
				CLANG_WARN_EMPTY_BODY = YES;
				CLANG_WARN_ENUM_CONVERSION = YES;
				CLANG_WARN_INFINITE_LOOPS = YES;
				CLANG_WARN_INT_CONVERSION = YES;
				CLANG_WARN_NON_LITERAL_NULL_CONVERSION = YES;
				CLANG_WARN_OBJC_IMPLICIT_RETAIN_SELF = YES;
				CLANG_WARN_OBJC_LITERAL_CONVERSION = YES;
				CLANG_WARN_OBJC_ROOT_CLASS = YES_ERROR;
				CLANG_WARN_QUOTED_INCLUDE_IN_FRAMEWORK_HEADER = YES;
				CLANG_WARN_RANGE_LOOP_ANALYSIS = YES;
				CLANG_WARN_STRICT_PROTOTYPES = YES;
				CLANG_WARN_SUSPICIOUS_MOVE = YES;
				CLANG_WARN_UNGUARDED_AVAILABILITY = YES_AGGRESSIVE;
				CLANG_WARN_UNREACHABLE_CODE = YES;
				CLANG_WARN__DUPLICATE_METHOD_MATCH = YES;
				COPY_PHASE_STRIP = NO;
				DEBUG_INFORMATION_FORMAT = dwarf;
				ENABLE_STRICT_OBJC_MSGSEND = YES;
				ENABLE_TESTABILITY = YES;
				ENABLE_USER_SCRIPT_SANDBOXING = YES;
				GCC_C_LANGUAGE_STANDARD = gnu17;
				GCC_DYNAMIC_NO_PIC = NO;
				GCC_NO_COMMON_BLOCKS = YES;
				GCC_OPTIMIZATION_LEVEL = 0;
				GCC_PREPROCESSOR_DEFINITIONS = (
					"DEBUG=1",
					"$(inherited)",
				);
				GCC_WARN_64_TO_32_BIT_CONVERSION = YES;
				GCC_WARN_ABOUT_RETURN_TYPE = YES_ERROR;
				GCC_WARN_UNDECLARED_SELECTOR = YES;
				GCC_WARN_UNINITIALIZED_AUTOS = YES_AGGRESSIVE;
				GCC_WARN_UNUSED_FUNCTION = YES;
				GCC_WARN_UNUSED_VARIABLE = YES;
				IPHONEOS_DEPLOYMENT_TARGET = 17.0;
				MTL_ENABLE_DEBUG_INFO = INCLUDE_SOURCE;
				MTL_FAST_MATH = YES;
				ONLY_ACTIVE_ARCH = YES;
				SDKROOT = iphonesimulator;
				SWIFT_ACTIVE_COMPILATION_CONDITIONS = "DEBUG $(inherited)";
				SWIFT_OPTIMIZATION_LEVEL = "-Onone";
			};
			name = Debug;
		};
		7B786938B6CD4C418400D1B4 /* Release */ = {
			isa = XCBuildConfiguration;
			buildSettings = {
				ALWAYS_SEARCH_USER_PATHS = NO;
				ASSETCATALOG_COMPILER_GENERATE_SWIFT_ASSET_SYMBOL_EXTENSIONS = YES;
				CLANG_ANALYZER_NONNULL = YES;
				CLANG_ANALYZER_NUMBER_OBJECT_CONVERSION = YES_AGGRESSIVE;
				CLANG_CXX_LANGUAGE_STANDARD = "gnu++20";
				CLANG_ENABLE_MODULES = YES;
				CLANG_ENABLE_OBJC_ARC = YES;
				CLANG_ENABLE_OBJC_WEAK = YES;
				CLANG_WARN_BLOCK_CAPTURE_AUTORELEASING = YES;
				CLANG_WARN_BOOL_CONVERSION = YES;
				CLANG_WARN_COMMA = YES;
				CLANG_WARN_CONSTANT_CONVERSION = YES;
				CLANG_WARN_DEPRECATED_OBJC_IMPLEMENTATIONS = YES;
				CLANG_WARN_DIRECT_OBJC_ISA_USAGE = YES_ERROR;
				CLANG_WARN_DOCUMENTATION_COMMENTS = YES;
				CLANG_WARN_EMPTY_BODY = YES;
				CLANG_WARN_ENUM_CONVERSION = YES;
				CLANG_WARN_INFINITE_LOOPS = YES;
				CLANG_WARN_INT_CONVERSION = YES;
				CLANG_WARN_NON_LITERAL_NULL_CONVERSION = YES;
				CLANG_WARN_OBJC_IMPLICIT_RETAIN_SELF = YES;
				CLANG_WARN_OBJC_LITERAL_CONVERSION = YES;
				CLANG_WARN_OBJC_ROOT_CLASS = YES_ERROR;
				CLANG_WARN_QUOTED_INCLUDE_IN_FRAMEWORK_HEADER = YES;
				CLANG_WARN_RANGE_LOOP_ANALYSIS = YES;
				CLANG_WARN_STRICT_PROTOTYPES = YES;
				CLANG_WARN_SUSPICIOUS_MOVE = YES;
				CLANG_WARN_UNGUARDED_AVAILABILITY = YES_AGGRESSIVE;
				CLANG_WARN_UNREACHABLE_CODE = YES;
				CLANG_WARN__DUPLICATE_METHOD_MATCH = YES;
				COPY_PHASE_STRIP = NO;
				DEBUG_INFORMATION_FORMAT = "dwarf-with-dsym";
				ENABLE_NS_ASSERTIONS = NO;
				ENABLE_STRICT_OBJC_MSGSEND = YES;
				ENABLE_USER_SCRIPT_SANDBOXING = YES;
				GCC_C_LANGUAGE_STANDARD = gnu17;
				GCC_NO_COMMON_BLOCKS = YES;
				GCC_WARN_64_TO_32_BIT_CONVERSION = YES;
				GCC_WARN_ABOUT_RETURN_TYPE = YES_ERROR;
				GCC_WARN_UNDECLARED_SELECTOR = YES;
				GCC_WARN_UNINITIALIZED_AUTOS = YES_AGGRESSIVE;
				GCC_WARN_UNUSED_FUNCTION = YES;
				GCC_WARN_UNUSED_VARIABLE = YES;
				IPHONEOS_DEPLOYMENT_TARGET = 17.0;
				MTL_FAST_MATH = YES;
				SDKROOT = iphonesimulator;
				SWIFT_COMPILATION_MODE = wholemodule;
			};
			name = Release;
		};
		7B0819DC7C4E47759D4E8EC2 /* Debug */ = {
			isa = XCBuildConfiguration;
			buildSettings = {
				CODE_SIGN_STYLE = Automatic;
				CURRENT_PROJECT_VERSION = 1;
				DEFINES_MODULE = YES;
				DEVELOPMENT_TEAM = "";
				GENERATE_INFOPLIST_FILE = NO;
				INFOPLIST_FILE = WMSInputRunner/Info.plist;
				IPHONEOS_DEPLOYMENT_TARGET = 17.0;
				LD_RUNPATH_SEARCH_PATHS = (
					"$(inherited)",
					"@executable_path/Frameworks",
				);
				MARKETING_VERSION = 1.0;
				PRODUCT_BUNDLE_IDENTIFIER = com.wms.inputrunner;
				PRODUCT_NAME = "$(TARGET_NAME)";
				SDKROOT = iphonesimulator;
				SUPPORTED_PLATFORMS = "iphonesimulator iphoneos";
				SUPPORTS_MACCATALYST = NO;
				SWIFT_EMIT_LOC_STRINGS = YES;
				SWIFT_VERSION = 5.0;
				TARGETED_DEVICE_FAMILY = "1,2";
			};
			name = Debug;
		};
		81B65CB896F24F3F82EA0586 /* Release */ = {
			isa = XCBuildConfiguration;
			buildSettings = {
				CODE_SIGN_STYLE = Automatic;
				CURRENT_PROJECT_VERSION = 1;
				DEFINES_MODULE = YES;
				DEVELOPMENT_TEAM = "";
				GENERATE_INFOPLIST_FILE = NO;
				INFOPLIST_FILE = WMSInputRunner/Info.plist;
				IPHONEOS_DEPLOYMENT_TARGET = 17.0;
				LD_RUNPATH_SEARCH_PATHS = (
					"$(inherited)",
					"@executable_path/Frameworks",
				);
				MARKETING_VERSION = 1.0;
				PRODUCT_BUNDLE_IDENTIFIER = com.wms.inputrunner;
				PRODUCT_NAME = "$(TARGET_NAME)";
				SDKROOT = iphonesimulator;
				SUPPORTED_PLATFORMS = "iphonesimulator iphoneos";
				SUPPORTS_MACCATALYST = NO;
				SWIFT_EMIT_LOC_STRINGS = YES;
				SWIFT_VERSION = 5.0;
				TARGETED_DEVICE_FAMILY = "1,2";
			};
			name = Release;
		};
		307A0CB943694D2FA3576CED /* Debug */ = {
			isa = XCBuildConfiguration;
			buildSettings = {
				CODE_SIGN_STYLE = Automatic;
				CURRENT_PROJECT_VERSION = 1;
				DEVELOPMENT_TEAM = "";
				GENERATE_INFOPLIST_FILE = NO;
				INFOPLIST_FILE = WMSInputRunnerUITests/Info.plist;
				IPHONEOS_DEPLOYMENT_TARGET = 17.0;
				LD_RUNPATH_SEARCH_PATHS = (
					"$(inherited)",
					"@loader_path/Frameworks",
				);
				MARKETING_VERSION = 1.0;
				PRODUCT_BUNDLE_IDENTIFIER = com.wms.inputrunner.uitests;
				PRODUCT_NAME = "$(TARGET_NAME)";
				SDKROOT = iphonesimulator;
				SUPPORTED_PLATFORMS = "iphonesimulator iphoneos";
				SUPPORTS_MACCATALYST = NO;
				SWIFT_EMIT_LOC_STRINGS = NO;
				SWIFT_VERSION = 5.0;
				TARGET_APPLICATION_BUNDLE = WMSInputRunner;
				TARGETED_DEVICE_FAMILY = "1,2";
				TEST_TARGET_NAME = WMSInputRunner;
			};
			name = Debug;
		};
		366119A19D3347398B4E0691 /* Release */ = {
			isa = XCBuildConfiguration;
			buildSettings = {
				CODE_SIGN_STYLE = Automatic;
				CURRENT_PROJECT_VERSION = 1;
				DEVELOPMENT_TEAM = "";
				GENERATE_INFOPLIST_FILE = NO;
				INFOPLIST_FILE = WMSInputRunnerUITests/Info.plist;
				IPHONEOS_DEPLOYMENT_TARGET = 17.0;
				LD_RUNPATH_SEARCH_PATHS = (
					"$(inherited)",
					"@loader_path/Frameworks",
				);
				MARKETING_VERSION = 1.0;
				PRODUCT_BUNDLE_IDENTIFIER = com.wms.inputrunner.uitests;
				PRODUCT_NAME = "$(TARGET_NAME)";
				SDKROOT = iphonesimulator;
				SUPPORTED_PLATFORMS = "iphonesimulator iphoneos";
				SUPPORTS_MACCATALYST = NO;
				SWIFT_EMIT_LOC_STRINGS = NO;
				SWIFT_VERSION = 5.0;
				TARGET_APPLICATION_BUNDLE = WMSInputRunner;
				TARGETED_DEVICE_FAMILY = "1,2";
				TEST_TARGET_NAME = WMSInputRunner;
			};
			name = Release;
		};
/* End XCBuildConfiguration section */

/* Begin XCConfigurationList section */
		CF744E5820F447AB86A880B2 /* Build configuration list for PBXProject "WMSInputRunner" */ = {
			isa = XCConfigurationList;
			buildConfigurations = (
				C00EB8AAC17B4F8186823F37 /* Debug */,
				7B786938B6CD4C418400D1B4 /* Release */,
			);
			defaultConfigurationIsVisible = 0;
			defaultConfigurationName = Release;
		};
		A34B3CAC36AA4A7B8CF463A9 /* Build configuration list for PBXNativeTarget "WMSInputRunner" */ = {
			isa = XCConfigurationList;
			buildConfigurations = (
				7B0819DC7C4E47759D4E8EC2 /* Debug */,
				81B65CB896F24F3F82EA0586 /* Release */,
			);
			defaultConfigurationIsVisible = 0;
			defaultConfigurationName = Release;
		};
		5F8D2B9309B9404F9DD97FE9 /* Build configuration list for PBXNativeTarget "WMSInputRunnerUITests" */ = {
			isa = XCConfigurationList;
			buildConfigurations = (
				307A0CB943694D2FA3576CED /* Debug */,
				366119A19D3347398B4E0691 /* Release */,
			);
			defaultConfigurationIsVisible = 0;
			defaultConfigurationName = Release;
		};
/* End XCConfigurationList section */

	};
	rootObject = FAE06F63691549E4BA176E2C /* Project object */;
}
